
Microsoft Visual Studio Solution File, Format Version 12.00
# Visual Studio Version 16
VisualStudioVersion = 16.0.29409.12
MinimumVisualStudioVersion = 10.0.40219.1
Project("{FAE04EC0-301F-11D3-BF4B-00C04F79EFBC}") = "ClientAssignment", "ClientAssignment\ClientAssignment.csproj", "{57F0C5AD-C8C6-4E99-BA81-8962FE852E46}"
EndProject
Project("{9A19103F-16F7-4668-BE54-9A1E7A4F7556}") = "BackendCommon", "BackendCommon\BackendCommon.csproj", "{B4543473-C05E-4B0E-9EFF-ECFEC0D3BF54}"
EndProject
Global
	GlobalSection(SolutionConfigurationPlatforms) = preSolution
		Debug|Any CPU = Debug|Any CPU
		Debug|x64 = Debug|x64
		Release|Any CPU = Release|Any CPU
		Release|x64 = Release|x64
	EndGlobalSection
	GlobalSection(ProjectConfigurationPlatforms) = postSolution
		{57F0C5AD-C8C6-4E99-BA81-8962FE852E46}.Debug|Any CPU.ActiveCfg = Debug|Any CPU
		{57F0C5AD-C8C6-4E99-BA81-8962FE852E46}.Debug|Any CPU.Build.0 = Debug|Any CPU
		{57F0C5AD-C8C6-4E99-BA81-8962FE852E46}.Debug|x64.ActiveCfg = Debug|x64
		{57F0C5AD-C8C6-4E99-BA81-8962FE852E46}.Debug|x64.Build.0 = Debug|x64
		{57F0C5AD-C8C6-4E99-BA81-8962FE852E46}.Release|Any CPU.ActiveCfg = Release|Any CPU
		{57F0C5AD-C8C6-4E99-BA81-8962FE852E46}.Release|Any CPU.Build.0 = Release|Any CPU
		{57F0C5AD-C8C6-4E99-BA81-8962FE852E46}.Release|x64.ActiveCfg = Release|x64
		{57F0C5AD-C8C6-4E99-BA81-8962FE852E46}.Release|x64.Build.0 = Release|x64
		{B4543473-C05E-4B0E-9EFF-ECFEC0D3BF54}.Debug|Any CPU.ActiveCfg = Debug|Any CPU
		{B4543473-C05E-4B0E-9EFF-ECFEC0D3BF54}.Debug|Any CPU.Build.0 = Debug|Any CPU
		{B4543473-C05E-4B0E-9EFF-ECFEC0D3BF54}.Debug|x64.ActiveCfg = Debug|x64
		{B4543473-C05E-4B0E-9EFF-ECFEC0D3BF54}.Debug|x64.Build.0 = Debug|x64
		{B4543473-C05E-4B0E-9EFF-ECFEC0D3BF54}.Release|Any CPU.ActiveCfg = Release|Any CPU
		{B4543473-C05E-4B0E-9EFF-ECFEC0D3BF54}.Release|Any CPU.Build.0 = Release|Any CPU
		{B4543473-C05E-4B0E-9EFF-ECFEC0D3BF54}.Release|x64.ActiveCfg = Release|x64
		{B4543473-C05E-4B0E-9EFF-ECFEC0D3BF54}.Release|x64.Build.0 = Release|x64
	EndGlobalSection
	GlobalSection(SolutionProperties) = preSolution
		HideSolutionNode = FALSE
	EndGlobalSection
	GlobalSection(ExtensibilityGlobals) = postSolution
		SolutionGuid = {843DE824-B889-49BD-8DF0-4621FF4BA0D3}
	EndGlobalSection
EndGlobal
